<?xml version="1.0" encoding="utf-8"?>
<Project ToolsVersion="4.0" xmlns="http://schemas.microsoft.com/developer/msbuild/2003">
  <ItemGroup>
    <Filter Include="Source Files">
      <UniqueIdentifier>{4FC737F1-C7A5-4376-A066-2A32D752A2FF}</UniqueIdentifier>
      <Extensions>cpp;c;cc;cxx;def;odl;idl;hpj;bat;asm;asmx</Extensions>
    </Filter>
    <Filter Include="Public Header Files">
      <UniqueIdentifier>{93995380-89BD-4b04-88EB-625FBE52EBFB}</UniqueIdentifier>
      <Extensions>h;hh;hpp;hxx;hm;inl;inc;xsd</Extensions>
    </Filter>
    <Filter Include="Public Document Files">
      <UniqueIdentifier>{60cc2129-f36e-4304-a76a-f8dbcafc5aa1}</UniqueIdentifier>
    </Filter>
    <Filter Include="Public Header Files\sponza">
      <UniqueIdentifier>{72c0cab0-50c9-48b4-9304-3993905ea772}</UniqueIdentifier>
    </Filter>
  </ItemGroup>
  <ItemGroup>
    <ClCompile Include="src\Camera.cpp">
      <Filter>Source Files</Filter>
    </ClCompile>
    <ClCompile Include="src\Context.cpp">
      <Filter>Source Files</Filter>
    </ClCompile>
    <ClCompile Include="src\GeometryBuilder.cpp">
      <Filter>Source Files</Filter>
    </ClCompile>
    <ClCompile Include="src\Instance.cpp">
      <Filter>Source Files</Filter>
    </ClCompile>
    <ClCompile Include="src\Material.cpp">
      <Filter>Source Files</Filter>
    </ClCompile>
    <ClCompile Include="src\Mesh.cpp">
      <Filter>Source Files</Filter>
    </ClCompile>
    <ClCompile Include="src\Light.cpp">
      <Filter>Source Files</Filter>
    </ClCompile>
  </ItemGroup>
  <ItemGroup>
    <ClInclude Include="src\FirstPersonMovement.hpp">
      <Filter>Source Files</Filter>
    </ClInclude>
    <ClInclude Include="include\sponza\Context.hpp">
      <Filter>Public Header Files\sponza</Filter>
    </ClInclude>
    <ClInclude Include="include\sponza\GeometryBuilder.hpp">
      <Filter>Public Header Files\sponza</Filter>
    </ClInclude>
    <ClInclude Include="include\sponza\Instance.hpp">
      <Filter>Public Header Files\sponza</Filter>
    </ClInclude>
    <ClInclude Include="include\sponza\Material.hpp">
      <Filter>Public Header Files\sponza</Filter>
    </ClInclude>
    <ClInclude Include="include\sponza\Mesh.hpp">
      <Filter>Public Header Files\sponza</Filter>
    </ClInclude>
    <ClInclude Include="include\sponza\Camera.hpp">
      <Filter>Public Header Files\sponza</Filter>
    </ClInclude>
    <ClInclude Include="include\sponza\types.hpp">
      <Filter>Public Header Files\sponza</Filter>
    </ClInclude>
    <ClInclude Include="include\sponza\config.hpp">
      <Filter>Public Header Files\sponza</Filter>
    </ClInclude>
    <ClInclude Include="include\sponza\sponza_fwd.hpp">
      <Filter>Public Header Files\sponza</Filter>
    </ClInclude>
    <ClInclude Include="include\sponza\sponza.hpp">
      <Filter>Public Header Files\sponza</Filter>
    </ClInclude>
    <ClInclude Include="include\sponza\Light.hpp">
      <Filter>Public Header Files\sponza</Filter>
    </ClInclude>
  </ItemGroup>
  <ItemGroup>
    <Text Include="doc\sponza-license.txt">
      <Filter>Public Document Files</Filter>
    </Text>
  </ItemGroup>
  <ItemGroup>
    <None Include="doc\sponza.lib.props">
      <Filter>Public Document Files</Filter>
    </None>
  </ItemGroup>
</Project>